PODS:
  - Flutter (1.0.0)
  - flutter_orientation (0.0.1):
    - Flutter

DEPENDENCIES:
  - Flutter (from `Flutter`)
  - flutter_orientation (from `.symlinks/plugins/flutter_orientation/ios`)

EXTERNAL SOURCES:
  Flutter:
    :path: Flutter
  flutter_orientation:
    :path: ".symlinks/plugins/flutter_orientation/ios"

SPEC CHECKSUMS:
  Flutter: 0e3d915762c693b495b44d77113d4970485de6ec
  flutter_orientation: 4fcb34769db97f3fdc294851d0786e563b2b9286

PODFILE CHECKSUM: 8e679eca47255a8ca8067c4c67aab20e64cb974d

COCOAPODS: 1.9.1
